// !$*UTF8*$!
{
	archiveVersion = 1;
	classes = {
	};
	objectVersion = 55;
	objects = {

/* Begin PBXBuildFile section */
		8B44849B28694E2000413954 /* CatchTable_CloneApp.swift in Sources */ = {isa = PBXBuildFile; fileRef = 8B44849A28694E2000413954 /* CatchTable_CloneApp.swift */; };
		8B44849D28694E2000413954 /* ContentView.swift in Sources */ = {isa = PBXBuildFile; fileRef = 8B44849C28694E2000413954 /* ContentView.swift */; };
		8B44849F28694E2100413954 /* Assets.xcassets in Resources */ = {isa = PBXBuildFile; fileRef = 8B44849E28694E2100413954 /* Assets.xcassets */; };
		8B4484A228694E2100413954 /* Preview Assets.xcassets in Resources */ = {isa = PBXBuildFile; fileRef = 8B4484A128694E2100413954 /* Preview Assets.xcassets */; };
		8B4484AC28694E2100413954 /* CatchTable_CloneTests.swift in Sources */ = {isa = PBXBuildFile; fileRef = 8B4484AB28694E2100413954 /* CatchTable_CloneTests.swift */; };
		8B4484B628694E2100413954 /* CatchTable_CloneUITests.swift in Sources */ = {isa = PBXBuildFile; fileRef = 8B4484B528694E2100413954 /* CatchTable_CloneUITests.swift */; };
		8B4484B828694E2100413954 /* CatchTable_CloneUITestsLaunchTests.swift in Sources */ = {isa = PBXBuildFile; fileRef = 8B4484B728694E2100413954 /* CatchTable_CloneUITestsLaunchTests.swift */; };
		8B4484C528694F5000413954 /* MainView.swift in Sources */ = {isa = PBXBuildFile; fileRef = 8B4484C428694F5000413954 /* MainView.swift */; };
		8B4484C72869511C00413954 /* GenericContent.swift in Sources */ = {isa = PBXBuildFile; fileRef = 8B4484C62869511C00413954 /* GenericContent.swift */; };
		8B4484C92869544300413954 /* SwipeView.swift in Sources */ = {isa = PBXBuildFile; fileRef = 8B4484C82869544300413954 /* SwipeView.swift */; };
		8B4484CD2869578200413954 /* TopContent.swift in Sources */ = {isa = PBXBuildFile; fileRef = 8B4484CC2869578200413954 /* TopContent.swift */; };
		8B4484D32869F01400413954 /* SwipeViewController.swift in Sources */ = {isa = PBXBuildFile; fileRef = 8B4484D22869F01400413954 /* SwipeViewController.swift */; };
		8B4484D5286AA04000413954 /* SwipeControl.swift in Sources */ = {isa = PBXBuildFile; fileRef = 8B4484D4286AA04000413954 /* SwipeControl.swift */; };
/* End PBXBuildFile section */

/* Begin PBXContainerItemProxy section */
		8B4484A828694E2100413954 /* PBXContainerItemProxy */ = {
			isa = PBXContainerItemProxy;
			containerPortal = 8B44848F28694E2000413954 /* Project object */;
			proxyType = 1;
			remoteGlobalIDString = 8B44849628694E2000413954;
			remoteInfo = CatchTable_Clone;
		};
		8B4484B228694E2100413954 /* PBXContainerItemProxy */ = {
			isa = PBXContainerItemProxy;
			containerPortal = 8B44848F28694E2000413954 /* Project object */;
			proxyType = 1;
			remoteGlobalIDString = 8B44849628694E2000413954;
			remoteInfo = CatchTable_Clone;
		};
/* End PBXContainerItemProxy section */

/* Begin PBXFileReference section */
		8B44849728694E2000413954 /* CatchTable_Clone.app */ = {isa = PBXFileReference; explicitFileType = wrapper.application; includeInIndex = 0; path = CatchTable_Clone.app; sourceTree = BUILT_PRODUCTS_DIR; };
		8B44849A28694E2000413954 /* CatchTable_CloneApp.swift */ = {isa = PBXFileReference; lastKnownFileType = sourcecode.swift; path = CatchTable_CloneApp.swift; sourceTree = "<group>"; };
		8B44849C28694E2000413954 /* ContentView.swift */ = {isa = PBXFileReference; lastKnownFileType = sourcecode.swift; path = ContentView.swift; sourceTree = "<group>"; };
		8B44849E28694E2100413954 /* Assets.xcassets */ = {isa = PBXFileReference; lastKnownFileType = folder.assetcatalog; path = Assets.xcassets; sourceTree = "<group>"; };
		8B4484A128694E2100413954 /* Preview Assets.xcassets */ = {isa = PBXFileReference; lastKnownFileType = folder.assetcatalog; path = "Preview Assets.xcassets"; sourceTree = "<group>"; };
		8B4484A728694E2100413954 /* CatchTable_CloneTests.xctest */ = {isa = PBXFileReference; explicitFileType = wrapper.cfbundle; includeInIndex = 0; path = CatchTable_CloneTests.xctest; sourceTree = BUILT_PRODUCTS_DIR; };
		8B4484AB28694E2100413954 /* CatchTable_CloneTests.swift */ = {isa = PBXFileReference; lastKnownFileType = sourcecode.swift; path = CatchTable_CloneTests.swift; sourceTree = "<group>"; };
		8B4484B128694E2100413954 /* CatchTable_CloneUITests.xctest */ = {isa = PBXFileReference; explicitFileType = wrapper.cfbundle; includeInIndex = 0; path = CatchTable_CloneUITests.xctest; sourceTree = BUILT_PRODUCTS_DIR; };
		8B4484B528694E2100413954 /* CatchTable_CloneUITests.swift */ = {isa = PBXFileReference; lastKnownFileType = sourcecode.swift; path = CatchTable_CloneUITests.swift; sourceTree = "<group>"; };
		8B4484B728694E2100413954 /* CatchTable_CloneUITestsLaunchTests.swift */ = {isa = PBXFileReference; lastKnownFileType = sourcecode.swift; path = CatchTable_CloneUITestsLaunchTests.swift; sourceTree = "<group>"; };
		8B4484C428694F5000413954 /* MainView.swift */ = {isa = PBXFileReference; lastKnownFileType = sourcecode.swift; path = MainView.swift; sourceTree = "<group>"; };
		8B4484C62869511C00413954 /* GenericContent.swift */ = {isa = PBXFileReference; lastKnownFileType = sourcecode.swift; path = GenericContent.swift; sourceTree = "<group>"; };
		8B4484C82869544300413954 /* SwipeView.swift */ = {isa = PBXFileReference; lastKnownFileType = sourcecode.swift; path = SwipeView.swift; sourceTree = "<group>"; };
		8B4484CC2869578200413954 /* TopContent.swift */ = {isa = PBXFileReference; lastKnownFileType = sourcecode.swift; path = TopContent.swift; sourceTree = "<group>"; };
		8B4484D22869F01400413954 /* SwipeViewController.swift */ = {isa = PBXFileReference; lastKnownFileType = sourcecode.swift; path = SwipeViewController.swift; sourceTree = "<group>"; };
		8B4484D4286AA04000413954 /* SwipeControl.swift */ = {isa = PBXFileReference; lastKnownFileType = sourcecode.swift; path = SwipeControl.swift; sourceTree = "<group>"; };
/* End PBXFileReference section */

/* Begin PBXFrameworksBuildPhase section */
		8B44849428694E2000413954 /* Frameworks */ = {
			isa = PBXFrameworksBuildPhase;
			buildActionMask = 2147483647;
			files = (
			);
			runOnlyForDeploymentPostprocessing = 0;
		};
		8B4484A428694E2100413954 /* Frameworks */ = {
			isa = PBXFrameworksBuildPhase;
			buildActionMask = 2147483647;
			files = (
			);
			runOnlyForDeploymentPostprocessing = 0;
		};
		8B4484AE28694E2100413954 /* Frameworks */ = {
			isa = PBXFrameworksBuildPhase;
			buildActionMask = 2147483647;
			files = (
			);
			runOnlyForDeploymentPostprocessing = 0;
		};
/* End PBXFrameworksBuildPhase section */

/* Begin PBXGroup section */
		8B44848E28694E2000413954 = {
			isa = PBXGroup;
			children = (
				8B44849928694E2000413954 /* CatchTable_Clone */,
				8B4484AA28694E2100413954 /* CatchTable_CloneTests */,
				8B4484B428694E2100413954 /* CatchTable_CloneUITests */,
				8B44849828694E2000413954 /* Products */,
			);
			sourceTree = "<group>";
		};
		8B44849828694E2000413954 /* Products */ = {
			isa = PBXGroup;
			children = (
				8B44849728694E2000413954 /* CatchTable_Clone.app */,
				8B4484A728694E2100413954 /* CatchTable_CloneTests.xctest */,
				8B4484B128694E2100413954 /* CatchTable_CloneUITests.xctest */,
			);
			name = Products;
			sourceTree = "<group>";
		};
		8B44849928694E2000413954 /* CatchTable_Clone */ = {
			isa = PBXGroup;
			children = (
				8B44849A28694E2000413954 /* CatchTable_CloneApp.swift */,
				8B44849C28694E2000413954 /* ContentView.swift */,
				8B4484C428694F5000413954 /* MainView.swift */,
				8B4484CB2869576200413954 /* TopSwipe */,
				8B4484D6286B237800413954 /* Data */,
				8B44849E28694E2100413954 /* Assets.xcassets */,
				8B4484A028694E2100413954 /* Preview Content */,
			);
			path = CatchTable_Clone;
			sourceTree = "<group>";
		};
		8B4484A028694E2100413954 /* Preview Content */ = {
			isa = PBXGroup;
			children = (
				8B4484A128694E2100413954 /* Preview Assets.xcassets */,
			);
			path = "Preview Content";
			sourceTree = "<group>";
		};
		8B4484AA28694E2100413954 /* CatchTable_CloneTests */ = {
			isa = PBXGroup;
			children = (
				8B4484AB28694E2100413954 /* CatchTable_CloneTests.swift */,
			);
			path = CatchTable_CloneTests;
			sourceTree = "<group>";
		};
		8B4484B428694E2100413954 /* CatchTable_CloneUITests */ = {
			isa = PBXGroup;
			children = (
				8B4484B528694E2100413954 /* CatchTable_CloneUITests.swift */,
				8B4484B728694E2100413954 /* CatchTable_CloneUITestsLaunchTests.swift */,
			);
			path = CatchTable_CloneUITests;
			sourceTree = "<group>";
		};
		8B4484CB2869576200413954 /* TopSwipe */ = {
			isa = PBXGroup;
			children = (
				8B4484C82869544300413954 /* SwipeView.swift */,
				8B4484D22869F01400413954 /* SwipeViewController.swift */,
				8B4484D4286AA04000413954 /* SwipeControl.swift */,
				8B4484CC2869578200413954 /* TopContent.swift */,
			);
			path = TopSwipe;
			sourceTree = "<group>";
		};
		8B4484D6286B237800413954 /* Data */ = {
			isa = PBXGroup;
			children = (
				8B4484C62869511C00413954 /* GenericContent.swift */,
			);
			path = Data;
			sourceTree = "<group>";
		};
/* End PBXGroup section */

/* Begin PBXNativeTarget section */
		8B44849628694E2000413954 /* CatchTable_Clone */ = {
			isa = PBXNativeTarget;
			buildConfigurationList = 8B4484BB28694E2100413954 /* Build configuration list for PBXNativeTarget "CatchTable_Clone" */;
			buildPhases = (
				8B44849328694E2000413954 /* Sources */,
				8B44849428694E2000413954 /* Frameworks */,
				8B44849528694E2000413954 /* Resources */,
			);
			buildRules = (
			);
			dependencies = (
			);
			name = CatchTable_Clone;
			productName = CatchTable_Clone;
			productReference = 8B44849728694E2000413954 /* CatchTable_Clone.app */;
			productType = "com.apple.product-type.application";
		};
		8B4484A628694E2100413954 /* CatchTable_CloneTests */ = {
			isa = PBXNativeTarget;
			buildConfigurationList = 8B4484BE28694E2100413954 /* Build configuration list for PBXNativeTarget "CatchTable_CloneTests" */;
			buildPhases = (
				8B4484A328694E2100413954 /* Sources */,
				8B4484A428694E2100413954 /* Frameworks */,
				8B4484A528694E2100413954 /* Resources */,
			);
			buildRules = (
			);
			dependencies = (
				8B4484A928694E2100413954 /* PBXTargetDependency */,
			);
			name = CatchTable_CloneTests;
			productName = CatchTable_CloneTests;
			productReference = 8B4484A728694E2100413954 /* CatchTable_CloneTests.xctest */;
			productType = "com.apple.product-type.bundle.unit-test";
		};
		8B4484B028694E2100413954 /* CatchTable_CloneUITests */ = {
			isa = PBXNativeTarget;
			buildConfigurationList = 8B4484C128694E2100413954 /* Build configuration list for PBXNativeTarget "CatchTable_CloneUITests" */;
			buildPhases = (
				8B4484AD28694E2100413954 /* Sources */,
				8B4484AE28694E2100413954 /* Frameworks */,
				8B4484AF28694E2100413954 /* Resources */,
			);
			buildRules = (
			);
			dependencies = (
				8B4484B328694E2100413954 /* PBXTargetDependency */,
			);
			name = CatchTable_CloneUITests;
			productName = CatchTable_CloneUITests;
			productReference = 8B4484B128694E2100413954 /* CatchTable_CloneUITests.xctest */;
			productType = "com.apple.product-type.bundle.ui-testing";
		};
/* End PBXNativeTarget section */

/* Begin PBXProject section */
		8B44848F28694E2000413954 /* Project object */ = {
			isa = PBXProject;
			attributes = {
				BuildIndependentTargetsInParallel = 1;
				LastSwiftUpdateCheck = 1330;
				LastUpgradeCheck = 1330;
				TargetAttributes = {
					8B44849628694E2000413954 = {
						CreatedOnToolsVersion = 13.3;
					};
					8B4484A628694E2100413954 = {
						CreatedOnToolsVersion = 13.3;
						TestTargetID = 8B44849628694E2000413954;
					};
					8B4484B028694E2100413954 = {
						CreatedOnToolsVersion = 13.3;
						TestTargetID = 8B44849628694E2000413954;
					};
				};
			};
			buildConfigurationList = 8B44849228694E2000413954 /* Build configuration list for PBXProject "CatchTable_Clone" */;
			compatibilityVersion = "Xcode 13.0";
			developmentRegion = en;
			hasScannedForEncodings = 0;
			knownRegions = (
				en,
				Base,
			);
			mainGroup = 8B44848E28694E2000413954;
			productRefGroup = 8B44849828694E2000413954 /* Products */;
			projectDirPath = "";
			projectRoot = "";
			targets = (
				8B44849628694E2000413954 /* CatchTable_Clone */,
				8B4484A628694E2100413954 /* CatchTable_CloneTests */,
				8B4484B028694E2100413954 /* CatchTable_CloneUITests */,
			);
		};
/* End PBXProject section */

/* Begin PBXResourcesBuildPhase section */
		8B44849528694E2000413954 /* Resources */ = {
			isa = PBXResourcesBuildPhase;
			buildActionMask = 2147483647;
			files = (
				8B4484A228694E2100413954 /* Preview Assets.xcassets in Resources */,
				8B44849F28694E2100413954 /* Assets.xcassets in Resources */,
			);
			runOnlyForDeploymentPostprocessing = 0;
		};
		8B4484A528694E2100413954 /* Resources */ = {
			isa = PBXResourcesBuildPhase;
			buildActionMask = 2147483647;
			files = (
			);
			runOnlyForDeploymentPostprocessing = 0;
		};
		8B4484AF28694E2100413954 /* Resources */ = {
			isa = PBXResourcesBuildPhase;
			buildActionMask = 2147483647;
			files = (
			);
			runOnlyForDeploymentPostprocessing = 0;
		};
/* End PBXResourcesBuildPhase section */

/* Begin PBXSourcesBuildPhase section */
		8B44849328694E2000413954 /* Sources */ = {
			isa = PBXSourcesBuildPhase;
			buildActionMask = 2147483647;
			files = (
				8B44849D28694E2000413954 /* ContentView.swift in Sources */,
				8B4484CD2869578200413954 /* TopContent.swift in Sources */,
				8B4484C528694F5000413954 /* MainView.swift in Sources */,
				8B4484C92869544300413954 /* SwipeView.swift in Sources */,
				8B44849B28694E2000413954 /* CatchTable_CloneApp.swift in Sources */,
				8B4484D32869F01400413954 /* SwipeViewController.swift in Sources */,
				8B4484D5286AA04000413954 /* SwipeControl.swift in Sources */,
				8B4484C72869511C00413954 /* GenericContent.swift in Sources */,
			);
			runOnlyForDeploymentPostprocessing = 0;
		};
		8B4484A328694E2100413954 /* Sources */ = {
			isa = PBXSourcesBuildPhase;
			buildActionMask = 2147483647;
			files = (
				8B4484AC28694E2100413954 /* CatchTable_CloneTests.swift in Sources */,
			);
			runOnlyForDeploymentPostprocessing = 0;
		};
		8B4484AD28694E2100413954 /* Sources */ = {
			isa = PBXSourcesBuildPhase;
			buildActionMask = 2147483647;
			files = (
				8B4484B628694E2100413954 /* CatchTable_CloneUITests.swift in Sources */,
				8B4484B828694E2100413954 /* CatchTable_CloneUITestsLaunchTests.swift in Sources */,
			);
			runOnlyForDeploymentPostprocessing = 0;
		};
/* End PBXSourcesBuildPhase section */

/* Begin PBXTargetDependency section */
		8B4484A928694E2100413954 /* PBXTargetDependency */ = {
			isa = PBXTargetDependency;
			target = 8B44849628694E2000413954 /* CatchTable_Clone */;
			targetProxy = 8B4484A828694E2100413954 /* PBXContainerItemProxy */;
		};
		8B4484B328694E2100413954 /* PBXTargetDependency */ = {
			isa = PBXTargetDependency;
			target = 8B44849628694E2000413954 /* CatchTable_Clone */;
			targetProxy = 8B4484B228694E2100413954 /* PBXContainerItemProxy */;
		};
/* End PBXTargetDependency section */

/* Begin XCBuildConfiguration section */
		8B4484B928694E2100413954 /* Debug */ = {
			isa = XCBuildConfiguration;
			buildSettings = {
				ALWAYS_SEARCH_USER_PATHS = NO;
				CLANG_ANALYZER_NONNULL = YES;
				CLANG_ANALYZER_NUMBER_OBJECT_CONVERSION = YES_AGGRESSIVE;
				CLANG_CXX_LANGUAGE_STANDARD = "gnu++17";
				CLANG_ENABLE_MODULES = YES;
				CLANG_ENABLE_OBJC_ARC = YES;
				CLANG_ENABLE_OBJC_WEAK = YES;
				CLANG_WARN_BLOCK_CAPTURE_AUTORELEASING = YES;
				CLANG_WARN_BOOL_CONVERSION = YES;
				CLANG_WARN_COMMA = YES;
				CLANG_WARN_CONSTANT_CONVERSION = YES;
				CLANG_WARN_DEPRECATED_OBJC_IMPLEMENTATIONS = YES;
				CLANG_WARN_DIRECT_OBJC_ISA_USAGE = YES_ERROR;
				CLANG_WARN_DOCUMENTATION_COMMENTS = YES;
				CLANG_WARN_EMPTY_BODY = YES;
				CLANG_WARN_ENUM_CONVERSION = YES;
				CLANG_WARN_INFINITE_RECURSION = YES;
				CLANG_WARN_INT_CONVERSION = YES;
				CLANG_WARN_NON_LITERAL_NULL_CONVERSION = YES;
				CLANG_WARN_OBJC_IMPLICIT_RETAIN_SELF = YES;
				CLANG_WARN_OBJC_LITERAL_CONVERSION = YES;
				CLANG_WARN_OBJC_ROOT_CLASS = YES_ERROR;
				CLANG_WARN_QUOTED_INCLUDE_IN_FRAMEWORK_HEADER = YES;
				CLANG_WARN_RANGE_LOOP_ANALYSIS = YES;
				CLANG_WARN_STRICT_PROTOTYPES = YES;
				CLANG_WARN_SUSPICIOUS_MOVE = YES;
				CLANG_WARN_UNGUARDED_AVAILABILITY = YES_AGGRESSIVE;
				CLANG_WARN_UNREACHABLE_CODE = YES;
				CLANG_WARN__DUPLICATE_METHOD_MATCH = YES;
				COPY_PHASE_STRIP = NO;
				DEBUG_INFORMATION_FORMAT = dwarf;
				ENABLE_STRICT_OBJC_MSGSEND = YES;
				ENABLE_TESTABILITY = YES;
				GCC_C_LANGUAGE_STANDARD = gnu11;
				GCC_DYNAMIC_NO_PIC = NO;
				GCC_NO_COMMON_BLOCKS = YES;
				GCC_OPTIMIZATION_LEVEL = 0;
				GCC_PREPROCESSOR_DEFINITIONS = (
					"DEBUG=1",
					"$(inherited)",
				);
				GCC_WARN_64_TO_32_BIT_CONVERSION = YES;
				GCC_WARN_ABOUT_RETURN_TYPE = YES_ERROR;
				GCC_WARN_UNDECLARED_SELECTOR = YES;
				GCC_WARN_UNINITIALIZED_AUTOS = YES_AGGRESSIVE;
				GCC_WARN_UNUSED_FUNCTION = YES;
				GCC_WARN_UNUSED_VARIABLE = YES;
				IPHONEOS_DEPLOYMENT_TARGET = 15.4;
				MTL_ENABLE_DEBUG_INFO = INCLUDE_SOURCE;
				MTL_FAST_MATH = YES;
				ONLY_ACTIVE_ARCH = YES;
				SDKROOT = iphoneos;
				SWIFT_ACTIVE_COMPILATION_CONDITIONS = DEBUG;
				SWIFT_OPTIMIZATION_LEVEL = "-Onone";
			};
			name = Debug;
		};
		8B4484BA28694E2100413954 /* Release */ = {
			isa = XCBuildConfiguration;
			buildSettings = {
				ALWAYS_SEARCH_USER_PATHS = NO;
				CLANG_ANALYZER_NONNULL = YES;
				CLANG_ANALYZER_NUMBER_OBJECT_CONVERSION = YES_AGGRESSIVE;
				CLANG_CXX_LANGUAGE_STANDARD = "gnu++17";
				CLANG_ENABLE_MODULES = YES;
				CLANG_ENABLE_OBJC_ARC = YES;
				CLANG_ENABLE_OBJC_WEAK = YES;
				CLANG_WARN_BLOCK_CAPTURE_AUTORELEASING = YES;
				CLANG_WARN_BOOL_CONVERSION = YES;
				CLANG_WARN_COMMA = YES;
				CLANG_WARN_CONSTANT_CONVERSION = YES;
				CLANG_WARN_DEPRECATED_OBJC_IMPLEMENTATIONS = YES;
				CLANG_WARN_DIRECT_OBJC_ISA_USAGE = YES_ERROR;
				CLANG_WARN_DOCUMENTATION_COMMENTS = YES;
				CLANG_WARN_EMPTY_BODY = YES;
				CLANG_WARN_ENUM_CONVERSION = YES;
				CLANG_WARN_INFINITE_RECURSION = YES;
				CLANG_WARN_INT_CONVERSION = YES;
				CLANG_WARN_NON_LITERAL_NULL_CONVERSION = YES;
				CLANG_WARN_OBJC_IMPLICIT_RETAIN_SELF = YES;
				CLANG_WARN_OBJC_LITERAL_CONVERSION = YES;
				CLANG_WARN_OBJC_ROOT_CLASS = YES_ERROR;
				CLANG_WARN_QUOTED_INCLUDE_IN_FRAMEWORK_HEADER = YES;
				CLANG_WARN_RANGE_LOOP_ANALYSIS = YES;
				CLANG_WARN_STRICT_PROTOTYPES = YES;
				CLANG_WARN_SUSPICIOUS_MOVE = YES;
				CLANG_WARN_UNGUARDED_AVAILABILITY = YES_AGGRESSIVE;
				CLANG_WARN_UNREACHABLE_CODE = YES;
				CLANG_WARN__DUPLICATE_METHOD_MATCH = YES;
				COPY_PHASE_STRIP = NO;
				DEBUG_INFORMATION_FORMAT = "dwarf-with-dsym";
				ENABLE_NS_ASSERTIONS = NO;
				ENABLE_STRICT_OBJC_MSGSEND = YES;
				GCC_C_LANGUAGE_STANDARD = gnu11;
				GCC_NO_COMMON_BLOCKS = YES;
				GCC_WARN_64_TO_32_BIT_CONVERSION = YES;
				GCC_WARN_ABOUT_RETURN_TYPE = YES_ERROR;
				GCC_WARN_UNDECLARED_SELECTOR = YES;
				GCC_WARN_UNINITIALIZED_AUTOS = YES_AGGRESSIVE;
				GCC_WARN_UNUSED_FUNCTION = YES;
				GCC_WARN_UNUSED_VARIABLE = YES;
				IPHONEOS_DEPLOYMENT_TARGET = 15.4;
				MTL_ENABLE_DEBUG_INFO = NO;
				MTL_FAST_MATH = YES;
				SDKROOT = iphoneos;
				SWIFT_COMPILATION_MODE = wholemodule;
				SWIFT_OPTIMIZATION_LEVEL = "-O";
				VALIDATE_PRODUCT = YES;
			};
			name = Release;
		};
		8B4484BC28694E2100413954 /* Debug */ = {
			isa = XCBuildConfiguration;
			buildSettings = {
				ASSETCATALOG_COMPILER_APPICON_NAME = AppIcon;
				ASSETCATALOG_COMPILER_GLOBAL_ACCENT_COLOR_NAME = AccentColor;
				CODE_SIGN_STYLE = Automatic;
				CURRENT_PROJECT_VERSION = 1;
				DEVELOPMENT_ASSET_PATHS = "\"CatchTable_Clone/Preview Content\"";
				DEVELOPMENT_TEAM = V8U96P27D9;
				ENABLE_PREVIEWS = YES;
				GENERATE_INFOPLIST_FILE = YES;
				INFOPLIST_KEY_UIApplicationSceneManifest_Generation = YES;
				INFOPLIST_KEY_UIApplicationSupportsIndirectInputEvents = YES;
				INFOPLIST_KEY_UILaunchScreen_Generation = YES;
				INFOPLIST_KEY_UISupportedInterfaceOrientations_iPad = "UIInterfaceOrientationPortrait UIInterfaceOrientationPortraitUpsideDown UIInterfaceOrientationLandscapeLeft UIInterfaceOrientationLandscapeRight";
				INFOPLIST_KEY_UISupportedInterfaceOrientations_iPhone = "UIInterfaceOrientationPortrait UIInterfaceOrientationLandscapeLeft UIInterfaceOrientationLandscapeRight";
				LD_RUNPATH_SEARCH_PATHS = (
					"$(inherited)",
					"@executable_path/Frameworks",
				);
				MARKETING_VERSION = 1.0;
				PRODUCT_BUNDLE_IDENTIFIER = "com.jun.CatchTable-Clone";
				PRODUCT_NAME = "$(TARGET_NAME)";
				SWIFT_EMIT_LOC_STRINGS = YES;
				SWIFT_VERSION = 5.0;
				TARGETED_DEVICE_FAMILY = "1,2";
			};
			name = Debug;
		};
		8B4484BD28694E2100413954 /* Release */ = {
			isa = XCBuildConfiguration;
			buildSettings = {
				ASSETCATALOG_COMPILER_APPICON_NAME = AppIcon;
				ASSETCATALOG_COMPILER_GLOBAL_ACCENT_COLOR_NAME = AccentColor;
				CODE_SIGN_STYLE = Automatic;
				CURRENT_PROJECT_VERSION = 1;
				DEVELOPMENT_ASSET_PATHS = "\"CatchTable_Clone/Preview Content\"";
				DEVELOPMENT_TEAM = V8U96P27D9;
				ENABLE_PREVIEWS = YES;
				GENERATE_INFOPLIST_FILE = YES;
				INFOPLIST_KEY_UIApplicationSceneManifest_Generation = YES;
				INFOPLIST_KEY_UIApplicationSupportsIndirectInputEvents = YES;
				INFOPLIST_KEY_UILaunchScreen_Generation = YES;
				INFOPLIST_KEY_UISupportedInterfaceOrientations_iPad = "UIInterfaceOrientationPortrait UIInterfaceOrientationPortraitUpsideDown UIInterfaceOrientationLandscapeLeft UIInterfaceOrientationLandscapeRight";
				INFOPLIST_KEY_UISupportedInterfaceOrientations_iPhone = "UIInterfaceOrientationPortrait UIInterfaceOrientationLandscapeLeft UIInterfaceOrientationLandscapeRight";
				LD_RUNPATH_SEARCH_PATHS = (
					"$(inherited)",
					"@executable_path/Frameworks",
				);
				MARKETING_VERSION = 1.0;
				PRODUCT_BUNDLE_IDENTIFIER = "com.jun.CatchTable-Clone";
				PRODUCT_NAME = "$(TARGET_NAME)";
				SWIFT_EMIT_LOC_STRINGS = YES;
				SWIFT_VERSION = 5.0;
				TARGETED_DEVICE_FAMILY = "1,2";
			};
			name = Release;
		};
		8B4484BF28694E2100413954 /* Debug */ = {
			isa = XCBuildConfiguration;
			buildSettings = {
				ALWAYS_EMBED_SWIFT_STANDARD_LIBRARIES = YES;
				BUNDLE_LOADER = "$(TEST_HOST)";
				CODE_SIGN_STYLE = Automatic;
				CURRENT_PROJECT_VERSION = 1;
				DEVELOPMENT_TEAM = V8U96P27D9;
				GENERATE_INFOPLIST_FILE = YES;
				IPHONEOS_DEPLOYMENT_TARGET = 15.4;
				MARKETING_VERSION = 1.0;
				PRODUCT_BUNDLE_IDENTIFIER = "com.jun.CatchTable-CloneTests";
				PRODUCT_NAME = "$(TARGET_NAME)";
				SWIFT_EMIT_LOC_STRINGS = NO;
				SWIFT_VERSION = 5.0;
				TARGETED_DEVICE_FAMILY = "1,2";
				TEST_HOST = "$(BUILT_PRODUCTS_DIR)/CatchTable_Clone.app/CatchTable_Clone";
			};
			name = Debug;
		};
		8B4484C028694E2100413954 /* Release */ = {
			isa = XCBuildConfiguration;
			buildSettings = {
				ALWAYS_EMBED_SWIFT_STANDARD_LIBRARIES = YES;
				BUNDLE_LOADER = "$(TEST_HOST)";
				CODE_SIGN_STYLE = Automatic;
				CURRENT_PROJECT_VERSION = 1;
				DEVELOPMENT_TEAM = V8U96P27D9;
				GENERATE_INFOPLIST_FILE = YES;
				IPHONEOS_DEPLOYMENT_TARGET = 15.4;
				MARKETING_VERSION = 1.0;
				PRODUCT_BUNDLE_IDENTIFIER = "com.jun.CatchTable-CloneTests";
				PRODUCT_NAME = "$(TARGET_NAME)";
				SWIFT_EMIT_LOC_STRINGS = NO;
				SWIFT_VERSION = 5.0;
				TARGETED_DEVICE_FAMILY = "1,2";
				TEST_HOST = "$(BUILT_PRODUCTS_DIR)/CatchTable_Clone.app/CatchTable_Clone";
			};
			name = Release;
		};
		8B4484C228694E2100413954 /* Debug */ = {
			isa = XCBuildConfiguration;
			buildSettings = {
				ALWAYS_EMBED_SWIFT_STANDARD_LIBRARIES = YES;
				CODE_SIGN_STYLE = Automatic;
				CURRENT_PROJECT_VERSION = 1;
				DEVELOPMENT_TEAM = V8U96P27D9;
				GENERATE_INFOPLIST_FILE = YES;
				MARKETING_VERSION = 1.0;
				PRODUCT_BUNDLE_IDENTIFIER = "com.jun.CatchTable-CloneUITests";
				PRODUCT_NAME = "$(TARGET_NAME)";
				SWIFT_EMIT_LOC_STRINGS = NO;
				SWIFT_VERSION = 5.0;
				TARGETED_DEVICE_FAMILY = "1,2";
				TEST_TARGET_NAME = CatchTable_Clone;
			};
			name = Debug;
		};
		8B4484C328694E2100413954 /* Release */ = {
			isa = XCBuildConfiguration;
			buildSettings = {
				ALWAYS_EMBED_SWIFT_STANDARD_LIBRARIES = YES;
				CODE_SIGN_STYLE = Automatic;
				CURRENT_PROJECT_VERSION = 1;
				DEVELOPMENT_TEAM = V8U96P27D9;
				GENERATE_INFOPLIST_FILE = YES;
				MARKETING_VERSION = 1.0;
				PRODUCT_BUNDLE_IDENTIFIER = "com.jun.CatchTable-CloneUITests";
				PRODUCT_NAME = "$(TARGET_NAME)";
				SWIFT_EMIT_LOC_STRINGS = NO;
				SWIFT_VERSION = 5.0;
				TARGETED_DEVICE_FAMILY = "1,2";
				TEST_TARGET_NAME = CatchTable_Clone;
			};
			name = Release;
		};
/* End XCBuildConfiguration section */

/* Begin XCConfigurationList section */
		8B44849228694E2000413954 /* Build configuration list for PBXProject "CatchTable_Clone" */ = {
			isa = XCConfigurationList;
			buildConfigurations = (
				8B4484B928694E2100413954 /* Debug */,
				8B4484BA28694E2100413954 /* Release */,
			);
			defaultConfigurationIsVisible = 0;
			defaultConfigurationName = Release;
		};
		8B4484BB28694E2100413954 /* Build configuration list for PBXNativeTarget "CatchTable_Clone" */ = {
			isa = XCConfigurationList;
			buildConfigurations = (
				8B4484BC28694E2100413954 /* Debug */,
				8B4484BD28694E2100413954 /* Release */,
			);
			defaultConfigurationIsVisible = 0;
			defaultConfigurationName = Release;
		};
		8B4484BE28694E2100413954 /* Build configuration list for PBXNativeTarget "CatchTable_CloneTests" */ = {
			isa = XCConfigurationList;
			buildConfigurations = (
				8B4484BF28694E2100413954 /* Debug */,
				8B4484C028694E2100413954 /* Release */,
			);
			defaultConfigurationIsVisible = 0;
			defaultConfigurationName = Release;
		};
		8B4484C128694E2100413954 /* Build configuration list for PBXNativeTarget "CatchTable_CloneUITests" */ = {
			isa = XCConfigurationList;
			buildConfigurations = (
				8B4484C228694E2100413954 /* Debug */,
				8B4484C328694E2100413954 /* Release */,
			);
			defaultConfigurationIsVisible = 0;
			defaultConfigurationName = Release;
		};
/* End XCConfigurationList section */
	};
	rootObject = 8B44848F28694E2000413954 /* Project object */;
}
